// !$*UTF8*$!
{
	archiveVersion = 1;
	classes = {
	};
	objectVersion = 48;
	objects = {

/* Begin PBXBuildFile section */
		A78D3CBF21D2A51A00A36B82 /* AppDelegate.swift in Sources */ = {isa = PBXBuildFile; fileRef = A78D3CBE21D2A51A00A36B82 /* AppDelegate.swift */; };
		A78D3CC121D2A51A00A36B82 /* ViewController.swift in Sources */ = {isa = PBXBuildFile; fileRef = A78D3CC021D2A51A00A36B82 /* ViewController.swift */; };
		A78D3CC421D2A51A00A36B82 /* Main.storyboard in Resources */ = {isa = PBXBuildFile; fileRef = A78D3CC221D2A51A00A36B82 /* Main.storyboard */; };
		A78D3CC621D2A51A00A36B82 /* Assets.xcassets in Resources */ = {isa = PBXBuildFile; fileRef = A78D3CC521D2A51A00A36B82 /* Assets.xcassets */; };
		A78D3CC921D2A51A00A36B82 /* LaunchScreen.storyboard in Resources */ = {isa = PBXBuildFile; fileRef = A78D3CC721D2A51A00A36B82 /* LaunchScreen.storyboard */; };
/* End PBXBuildFile section */

/* Begin PBXFileReference section */
		A78D3CBB21D2A51A00A36B82 /* saveTheKids.app */ = {isa = PBXFileReference; explicitFileType = wrapper.application; includeInIndex = 0; path = saveTheKids.app; sourceTree = BUILT_PRODUCTS_DIR; };
		A78D3CBE21D2A51A00A36B82 /* AppDelegate.swift */ = {isa = PBXFileReference; lastKnownFileType = sourcecode.swift; path = AppDelegate.swift; sourceTree = "<group>"; };
		A78D3CC021D2A51A00A36B82 /* ViewController.swift */ = {isa = PBXFileReference; lastKnownFileType = sourcecode.swift; path = ViewController.swift; sourceTree = "<group>"; };
		A78D3CC321D2A51A00A36B82 /* Base */ = {isa = PBXFileReference; lastKnownFileType = file.storyboard; name = Base; path = Base.lproj/Main.storyboard; sourceTree = "<group>"; };
		A78D3CC521D2A51A00A36B82 /* Assets.xcassets */ = {isa = PBXFileReference; lastKnownFileType = folder.assetcatalog; path = Assets.xcassets; sourceTree = "<group>"; };
		A78D3CC821D2A51A00A36B82 /* Base */ = {isa = PBXFileReference; lastKnownFileType = file.storyboard; name = Base; path = Base.lproj/LaunchScreen.storyboard; sourceTree = "<group>"; };
		A78D3CCA21D2A51A00A36B82 /* Info.plist */ = {isa = PBXFileReference; lastKnownFileType = text.plist.xml; path = Info.plist; sourceTree = "<group>"; };
/* End PBXFileReference section */

/* Begin PBXFrameworksBuildPhase section */
		A78D3CB821D2A51A00A36B82 /* Frameworks */ = {
			isa = PBXFrameworksBuildPhase;
			buildActionMask = 2147483647;
			files = (
			);
			runOnlyForDeploymentPostprocessing = 0;
		};
/* End PBXFrameworksBuildPhase section */

/* Begin PBXGroup section */
		A78D3CB221D2A51A00A36B82 = {
			isa = PBXGroup;
			children = (
				A78D3CBD21D2A51A00A36B82 /* saveTheKids */,
				A78D3CBC21D2A51A00A36B82 /* Products */,
			);
			sourceTree = "<group>";
		};
		A78D3CBC21D2A51A00A36B82 /* Products */ = {
			isa = PBXGroup;
			children = (
				A78D3CBB21D2A51A00A36B82 /* saveTheKids.app */,
			);
			name = Products;
			sourceTree = "<group>";
		};
		A78D3CBD21D2A51A00A36B82 /* saveTheKids */ = {
			isa = PBXGroup;
			children = (
				A78D3CBE21D2A51A00A36B82 /* AppDelegate.swift */,
				A78D3CC021D2A51A00A36B82 /* ViewController.swift */,
				A78D3CC221D2A51A00A36B82 /* Main.storyboard */,
				A78D3CC521D2A51A00A36B82 /* Assets.xcassets */,
				A78D3CC721D2A51A00A36B82 /* LaunchScreen.storyboard */,
				A78D3CCA21D2A51A00A36B82 /* Info.plist */,
			);
			path = saveTheKids;
			sourceTree = "<group>";
		};
/* End PBXGroup section */

/* Begin PBXNativeTarget section */
		A78D3CBA21D2A51A00A36B82 /* saveTheKids */ = {
			isa = PBXNativeTarget;
			buildConfigurationList = A78D3CCD21D2A51A00A36B82 /* Build configuration list for PBXNativeTarget "saveTheKids" */;
			buildPhases = (
				A78D3CB721D2A51A00A36B82 /* Sources */,
				A78D3CB821D2A51A00A36B82 /* Frameworks */,
				A78D3CB921D2A51A00A36B82 /* Resources */,
			);
			buildRules = (
			);
			dependencies = (
			);
			name = saveTheKids;
			productName = saveTheKids;
			productReference = A78D3CBB21D2A51A00A36B82 /* saveTheKids.app */;
			productType = "com.apple.product-type.application";
		};
/* End PBXNativeTarget section */

/* Begin PBXProject section */
		A78D3CB321D2A51A00A36B82 /* Project object */ = {
			isa = PBXProject;
			attributes = {
				LastSwiftUpdateCheck = 0920;
				LastUpgradeCheck = 0920;
				ORGANIZATIONNAME = "Islam Kasem";
				TargetAttributes = {
					A78D3CBA21D2A51A00A36B82 = {
						CreatedOnToolsVersion = 9.2;
						ProvisioningStyle = Automatic;
					};
				};
			};
			buildConfigurationList = A78D3CB621D2A51A00A36B82 /* Build configuration list for PBXProject "saveTheKids" */;
			compatibilityVersion = "Xcode 8.0";
			developmentRegion = en;
			hasScannedForEncodings = 0;
			knownRegions = (
				en,
				Base,
			);
			mainGroup = A78D3CB221D2A51A00A36B82;
			productRefGroup = A78D3CBC21D2A51A00A36B82 /* Products */;
			projectDirPath = "";
			projectRoot = "";
			targets = (
				A78D3CBA21D2A51A00A36B82 /* saveTheKids */,
			);
		};
/* End PBXProject section */

/* Begin PBXResourcesBuildPhase section */
		A78D3CB921D2A51A00A36B82 /* Resources */ = {
			isa = PBXResourcesBuildPhase;
			buildActionMask = 2147483647;
			files = (
				A78D3CC921D2A51A00A36B82 /* LaunchScreen.storyboard in Resources */,
				A78D3CC621D2A51A00A36B82 /* Assets.xcassets in Resources */,
				A78D3CC421D2A51A00A36B82 /* Main.storyboard in Resources */,
			);
			runOnlyForDeploymentPostprocessing = 0;
		};
/* End PBXResourcesBuildPhase section */

/* Begin PBXSourcesBuildPhase section */
		A78D3CB721D2A51A00A36B82 /* Sources */ = {
			isa = PBXSourcesBuildPhase;
			buildActionMask = 2147483647;
			files = (
				A78D3CC121D2A51A00A36B82 /* ViewController.swift in Sources */,
				A78D3CBF21D2A51A00A36B82 /* AppDelegate.swift in Sources */,
			);
			runOnlyForDeploymentPostprocessing = 0;
		};
/* End PBXSourcesBuildPhase section */

/* Begin PBXVariantGroup section */
		A78D3CC221D2A51A00A36B82 /* Main.storyboard */ = {
			isa = PBXVariantGroup;
			children = (
				A78D3CC321D2A51A00A36B82 /* Base */,
			);
			name = Main.storyboard;
			sourceTree = "<group>";
		};
		A78D3CC721D2A51A00A36B82 /* LaunchScreen.storyboard */ = {
			isa = PBXVariantGroup;
			children = (
				A78D3CC821D2A51A00A36B82 /* Base */,
			);
			name = LaunchScreen.storyboard;
			sourceTree = "<group>";
		};
/* End PBXVariantGroup section */

/* Begin XCBuildConfiguration section */
		A78D3CCB21D2A51A00A36B82 /* Debug */ = {
			isa = XCBuildConfiguration;
			buildSettings = {
				ALWAYS_SEARCH_USER_PATHS = NO;
				CLANG_ANALYZER_NONNULL = YES;
				CLANG_ANALYZER_NUMBER_OBJECT_CONVERSION = YES_AGGRESSIVE;
				CLANG_CXX_LANGUAGE_STANDARD = "gnu++14";
				CLANG_CXX_LIBRARY = "libc++";
				CLANG_ENABLE_MODULES = YES;
				CLANG_ENABLE_OBJC_ARC = YES;
				CLANG_WARN_BLOCK_CAPTURE_AUTORELEASING = YES;
				CLANG_WARN_BOOL_CONVERSION = YES;
				CLANG_WARN_COMMA = YES;
				CLANG_WARN_CONSTANT_CONVERSION = YES;
				CLANG_WARN_DIRECT_OBJC_ISA_USAGE = YES_ERROR;
				CLANG_WARN_DOCUMENTATION_COMMENTS = YES;
				CLANG_WARN_EMPTY_BODY = YES;
				CLANG_WARN_ENUM_CONVERSION = YES;
				CLANG_WARN_INFINITE_RECURSION = YES;
				CLANG_WARN_INT_CONVERSION = YES;
				CLANG_WARN_NON_LITERAL_NULL_CONVERSION = YES;
				CLANG_WARN_OBJC_LITERAL_CONVERSION = YES;
				CLANG_WARN_OBJC_ROOT_CLASS = YES_ERROR;
				CLANG_WARN_RANGE_LOOP_ANALYSIS = YES;
				CLANG_WARN_STRICT_PROTOTYPES = YES;
				CLANG_WARN_SUSPICIOUS_MOVE = YES;
				CLANG_WARN_UNGUARDED_AVAILABILITY = YES_AGGRESSIVE;
				CLANG_WARN_UNREACHABLE_CODE = YES;
				CLANG_WARN__DUPLICATE_METHOD_MATCH = YES;
				CODE_SIGN_IDENTITY = "iPhone Developer";
				COPY_PHASE_STRIP = NO;
				DEBUG_INFORMATION_FORMAT = dwarf;
				ENABLE_STRICT_OBJC_MSGSEND = YES;
				ENABLE_TESTABILITY = YES;
				GCC_C_LANGUAGE_STANDARD = gnu11;
				GCC_DYNAMIC_NO_PIC = NO;
				GCC_NO_COMMON_BLOCKS = YES;
				GCC_OPTIMIZATION_LEVEL = 0;
				GCC_PREPROCESSOR_DEFINITIONS = (
					"DEBUG=1",
					"$(inherited)",
				);
				GCC_WARN_64_TO_32_BIT_CONVERSION = YES;
				GCC_WARN_ABOUT_RETURN_TYPE = YES_ERROR;
				GCC_WARN_UNDECLARED_SELECTOR = YES;
				GCC_WARN_UNINITIALIZED_AUTOS = YES_AGGRESSIVE;
				GCC_WARN_UNUSED_FUNCTION = YES;
				GCC_WARN_UNUSED_VARIABLE = YES;
				IPHONEOS_DEPLOYMENT_TARGET = 11.2;
				MTL_ENABLE_DEBUG_INFO = YES;
				ONLY_ACTIVE_ARCH = YES;
				SDKROOT = iphoneos;
				SWIFT_ACTIVE_COMPILATION_CONDITIONS = DEBUG;
				SWIFT_OPTIMIZATION_LEVEL = "-Onone";
			};
			name = Debug;
		};
		A78D3CCC21D2A51A00A36B82 /* Release */ = {
			isa = XCBuildConfiguration;
			buildSettings = {
				ALWAYS_SEARCH_USER_PATHS = NO;
				CLANG_ANALYZER_NONNULL = YES;
				CLANG_ANALYZER_NUMBER_OBJECT_CONVERSION = YES_AGGRESSIVE;
				CLANG_CXX_LANGUAGE_STANDARD = "gnu++14";
				CLANG_CXX_LIBRARY = "libc++";
				CLANG_ENABLE_MODULES = YES;
				CLANG_ENABLE_OBJC_ARC = YES;
				CLANG_WARN_BLOCK_CAPTURE_AUTORELEASING = YES;
				CLANG_WARN_BOOL_CONVERSION = YES;
				CLANG_WARN_COMMA = YES;
				CLANG_WARN_CONSTANT_CONVERSION = YES;
				CLANG_WARN_DIRECT_OBJC_ISA_USAGE = YES_ERROR;
				CLANG_WARN_DOCUMENTATION_COMMENTS = YES;
				CLANG_WARN_EMPTY_BODY = YES;
				CLANG_WARN_ENUM_CONVERSION = YES;
				CLANG_WARN_INFINITE_RECURSION = YES;
				CLANG_WARN_INT_CONVERSION = YES;
				CLANG_WARN_NON_LITERAL_NULL_CONVERSION = YES;
				CLANG_WARN_OBJC_LITERAL_CONVERSION = YES;
				CLANG_WARN_OBJC_ROOT_CLASS = YES_ERROR;
				CLANG_WARN_RANGE_LOOP_ANALYSIS = YES;
				CLANG_WARN_STRICT_PROTOTYPES = YES;
				CLANG_WARN_SUSPICIOUS_MOVE = YES;
				CLANG_WARN_UNGUARDED_AVAILABILITY = YES_AGGRESSIVE;
				CLANG_WARN_UNREACHABLE_CODE = YES;
				CLANG_WARN__DUPLICATE_METHOD_MATCH = YES;
				CODE_SIGN_IDENTITY = "iPhone Developer";
				COPY_PHASE_STRIP = NO;
				DEBUG_INFORMATION_FORMAT = "dwarf-with-dsym";
				ENABLE_NS_ASSERTIONS = NO;
				ENABLE_STRICT_OBJC_MSGSEND = YES;
				GCC_C_LANGUAGE_STANDARD = gnu11;
				GCC_NO_COMMON_BLOCKS = YES;
				GCC_WARN_64_TO_32_BIT_CONVERSION = YES;
				GCC_WARN_ABOUT_RETURN_TYPE = YES_ERROR;
				GCC_WARN_UNDECLARED_SELECTOR = YES;
				GCC_WARN_UNINITIALIZED_AUTOS = YES_AGGRESSIVE;
				GCC_WARN_UNUSED_FUNCTION = YES;
				GCC_WARN_UNUSED_VARIABLE = YES;
				IPHONEOS_DEPLOYMENT_TARGET = 11.2;
				MTL_ENABLE_DEBUG_INFO = NO;
				SDKROOT = iphoneos;
				SWIFT_OPTIMIZATION_LEVEL = "-Owholemodule";
				VALIDATE_PRODUCT = YES;
			};
			name = Release;
		};
		A78D3CCE21D2A51A00A36B82 /* Debug */ = {
			isa = XCBuildConfiguration;
			buildSettings = {
				ASSETCATALOG_COMPILER_APPICON_NAME = AppIcon;
				CODE_SIGN_STYLE = Automatic;
				INFOPLIST_FILE = saveTheKids/Info.plist;
				LD_RUNPATH_SEARCH_PATHS = "$(inherited) @executable_path/Frameworks";
				PRODUCT_BUNDLE_IDENTIFIER = iskasem.saveTheKids;
				PRODUCT_NAME = "$(TARGET_NAME)";
				SWIFT_VERSION = 4.0;
				TARGETED_DEVICE_FAMILY = "1,2";
			};
			name = Debug;
		};
		A78D3CCF21D2A51A00A36B82 /* Release */ = {
			isa = XCBuildConfiguration;
			buildSettings = {
				ASSETCATALOG_COMPILER_APPICON_NAME = AppIcon;
				CODE_SIGN_STYLE = Automatic;
				INFOPLIST_FILE = saveTheKids/Info.plist;
				LD_RUNPATH_SEARCH_PATHS = "$(inherited) @executable_path/Frameworks";
				PRODUCT_BUNDLE_IDENTIFIER = iskasem.saveTheKids;
				PRODUCT_NAME = "$(TARGET_NAME)";
				SWIFT_VERSION = 4.0;
				TARGETED_DEVICE_FAMILY = "1,2";
			};
			name = Release;
		};
/* End XCBuildConfiguration section */

/* Begin XCConfigurationList section */
		A78D3CB621D2A51A00A36B82 /* Build configuration list for PBXProject "saveTheKids" */ = {
			isa = XCConfigurationList;
			buildConfigurations = (
				A78D3CCB21D2A51A00A36B82 /* Debug */,
				A78D3CCC21D2A51A00A36B82 /* Release */,
			);
			defaultConfigurationIsVisible = 0;
			defaultConfigurationName = Release;
		};
		A78D3CCD21D2A51A00A36B82 /* Build configuration list for PBXNativeTarget "saveTheKids" */ = {
			isa = XCConfigurationList;
			buildConfigurations = (
				A78D3CCE21D2A51A00A36B82 /* Debug */,
				A78D3CCF21D2A51A00A36B82 /* Release */,
			);
			defaultConfigurationIsVisible = 0;
			defaultConfigurationName = Release;
		};
/* End XCConfigurationList section */
	};
	rootObject = A78D3CB321D2A51A00A36B82 /* Project object */;
}
